
Microsoft Visual Studio Solution File, Format Version 12.00
# Visual Studio Version 17
VisualStudioVersion = 17.11.35431.28
MinimumVisualStudioVersion = 10.0.40219.1
Project("{FAE04EC0-301F-11D3-BF4B-00C04F79EFBC}") = "DayOfYearWoxPlugin", "DayOfYearWoxPlugin.csproj", "{2F339948-6687-4DB5-8770-F14B7CD467B5}"
EndProject
Global
	GlobalSection(SolutionConfigurationPlatforms) = preSolution
		Debug|Any CPU = Debug|Any CPU
		Release|Any CPU = Release|Any CPU
	EndGlobalSection
	GlobalSection(ProjectConfigurationPlatforms) = postSolution
		{2F339948-6687-4DB5-8770-F14B7CD467B5}.Debug|Any CPU.ActiveCfg = Debug|Any CPU
		{2F339948-6687-4DB5-8770-F14B7CD467B5}.Debug|Any CPU.Build.0 = Debug|Any CPU
		{2F339948-6687-4DB5-8770-F14B7CD467B5}.Release|Any CPU.ActiveCfg = Release|Any CPU
		{2F339948-6687-4DB5-8770-F14B7CD467B5}.Release|Any CPU.Build.0 = Release|Any CPU
	EndGlobalSection
	GlobalSection(SolutionProperties) = preSolution
		HideSolutionNode = FALSE
	EndGlobalSection
	GlobalSection(ExtensibilityGlobals) = postSolution
		SolutionGuid = {3BF0B8E4-7638-4038-969F-F5CACCB021B1}
	EndGlobalSection
EndGlobal
